schema: '2.0'
stages:
  stage_01:
    cmd: python stage_01.py
    deps:
    - path: stage_01.py
      hash: md5
      md5: 559b57cdd0aa449bbe1219a49e3bd544
      size: 99
    outs:
    - path: artifact.txt
      hash: md5
      md5: 6b54981a9d6d0659327c6a1cd64d385a
      size: 47
  stage_02:
    cmd: python stage_02.py
    deps:
    - path: artifact.txt
      hash: md5
      md5: 6b54981a9d6d0659327c6a1cd64d385a
      size: 47
    - path: stage_02.py
      hash: md5
      md5: 42b44bc3d93dab98a5ff6ef48dd7ed05
      size: 132
  stage_03:
    cmd: python stage_03.py
    deps:
    - path: artifact.txt
      hash: md5
      md5: 3cb0ff47cad3cee440c6933653a050aa
      size: 81
    - path: stage_03.py
      hash: md5
      md5: e67c8e06ee96e0f533748f1550d767f0
      size: 208
